// !$*UTF8*$!
{
	archiveVersion = 1;
	classes = {
	};
	objectVersion = 46;
	objects = {

/* Begin PBXBuildFile section */
		11114F8D1C837E0200571740 /* AppDelegate.swift in Sources */ = {isa = PBXBuildFile; fileRef = 11114F8C1C837E0200571740 /* AppDelegate.swift */; };
		11114F8F1C837E0300571740 /* ViewController.swift in Sources */ = {isa = PBXBuildFile; fileRef = 11114F8E1C837E0300571740 /* ViewController.swift */; };
		11114F921C837E0300571740 /* Main.storyboard in Resources */ = {isa = PBXBuildFile; fileRef = 11114F901C837E0300571740 /* Main.storyboard */; };
		11114F941C837E0300571740 /* Assets.xcassets in Resources */ = {isa = PBXBuildFile; fileRef = 11114F931C837E0300571740 /* Assets.xcassets */; };
		11114F971C837E0300571740 /* LaunchScreen.storyboard in Resources */ = {isa = PBXBuildFile; fileRef = 11114F951C837E0300571740 /* LaunchScreen.storyboard */; };
		11114F9F1C83A65D00571740 /* SettingsViewController.swift in Sources */ = {isa = PBXBuildFile; fileRef = 11114F9E1C83A65D00571740 /* SettingsViewController.swift */; settings = {ASSET_TAGS = (); }; };
		11114FA21C83E1E700571740 /* Constants.swift in Sources */ = {isa = PBXBuildFile; fileRef = 11114FA11C83E1E700571740 /* Constants.swift */; settings = {ASSET_TAGS = (); }; };
/* End PBXBuildFile section */

/* Begin PBXFileReference section */
		11114F891C837E0200571740 /* tips.app */ = {isa = PBXFileReference; explicitFileType = wrapper.application; includeInIndex = 0; path = tips.app; sourceTree = BUILT_PRODUCTS_DIR; };
		11114F8C1C837E0200571740 /* AppDelegate.swift */ = {isa = PBXFileReference; lastKnownFileType = sourcecode.swift; path = AppDelegate.swift; sourceTree = "<group>"; };
		11114F8E1C837E0300571740 /* ViewController.swift */ = {isa = PBXFileReference; lastKnownFileType = sourcecode.swift; path = ViewController.swift; sourceTree = "<group>"; };
		11114F911C837E0300571740 /* Base */ = {isa = PBXFileReference; lastKnownFileType = file.storyboard; name = Base; path = Base.lproj/Main.storyboard; sourceTree = "<group>"; };
		11114F931C837E0300571740 /* Assets.xcassets */ = {isa = PBXFileReference; lastKnownFileType = folder.assetcatalog; path = Assets.xcassets; sourceTree = "<group>"; };
		11114F961C837E0300571740 /* Base */ = {isa = PBXFileReference; lastKnownFileType = file.storyboard; name = Base; path = Base.lproj/LaunchScreen.storyboard; sourceTree = "<group>"; };
		11114F981C837E0300571740 /* Info.plist */ = {isa = PBXFileReference; lastKnownFileType = text.plist.xml; path = Info.plist; sourceTree = "<group>"; };
		11114F9E1C83A65D00571740 /* SettingsViewController.swift */ = {isa = PBXFileReference; fileEncoding = 4; lastKnownFileType = sourcecode.swift; path = SettingsViewController.swift; sourceTree = "<group>"; };
		11114FA11C83E1E700571740 /* Constants.swift */ = {isa = PBXFileReference; fileEncoding = 4; lastKnownFileType = sourcecode.swift; path = Constants.swift; sourceTree = "<group>"; };
/* End PBXFileReference section */

/* Begin PBXFrameworksBuildPhase section */
		11114F861C837E0200571740 /* Frameworks */ = {
			isa = PBXFrameworksBuildPhase;
			buildActionMask = 2147483647;
			files = (
			);
			runOnlyForDeploymentPostprocessing = 0;
		};
/* End PBXFrameworksBuildPhase section */

/* Begin PBXGroup section */
		11114F801C837E0200571740 = {
			isa = PBXGroup;
			children = (
				11114F8B1C837E0200571740 /* tips */,
				11114F8A1C837E0200571740 /* Products */,
			);
			sourceTree = "<group>";
		};
		11114F8A1C837E0200571740 /* Products */ = {
			isa = PBXGroup;
			children = (
				11114F891C837E0200571740 /* tips.app */,
			);
			name = Products;
			sourceTree = "<group>";
		};
		11114F8B1C837E0200571740 /* tips */ = {
			isa = PBXGroup;
			children = (
				11114FA01C83A66200571740 /* ViewControllers */,
				11114F8C1C837E0200571740 /* AppDelegate.swift */,
				11114F901C837E0300571740 /* Main.storyboard */,
				11114F931C837E0300571740 /* Assets.xcassets */,
				11114F951C837E0300571740 /* LaunchScreen.storyboard */,
				11114F981C837E0300571740 /* Info.plist */,
				11114FA11C83E1E700571740 /* Constants.swift */,
			);
			path = tips;
			sourceTree = "<group>";
		};
		11114FA01C83A66200571740 /* ViewControllers */ = {
			isa = PBXGroup;
			children = (
				11114F9E1C83A65D00571740 /* SettingsViewController.swift */,
				11114F8E1C837E0300571740 /* ViewController.swift */,
			);
			name = ViewControllers;
			sourceTree = "<group>";
		};
/* End PBXGroup section */

/* Begin PBXNativeTarget section */
		11114F881C837E0200571740 /* tips */ = {
			isa = PBXNativeTarget;
			buildConfigurationList = 11114F9B1C837E0300571740 /* Build configuration list for PBXNativeTarget "tips" */;
			buildPhases = (
				11114F851C837E0200571740 /* Sources */,
				11114F861C837E0200571740 /* Frameworks */,
				11114F871C837E0200571740 /* Resources */,
			);
			buildRules = (
			);
			dependencies = (
			);
			name = tips;
			productName = tips;
			productReference = 11114F891C837E0200571740 /* tips.app */;
			productType = "com.apple.product-type.application";
		};
/* End PBXNativeTarget section */

/* Begin PBXProject section */
		11114F811C837E0200571740 /* Project object */ = {
			isa = PBXProject;
			attributes = {
				LastUpgradeCheck = 0700;
				ORGANIZATIONNAME = ericcodepath;
				TargetAttributes = {
					11114F881C837E0200571740 = {
						CreatedOnToolsVersion = 7.0.1;
					};
				};
			};
			buildConfigurationList = 11114F841C837E0200571740 /* Build configuration list for PBXProject "tips" */;
			compatibilityVersion = "Xcode 3.2";
			developmentRegion = English;
			hasScannedForEncodings = 0;
			knownRegions = (
				en,
				Base,
			);
			mainGroup = 11114F801C837E0200571740;
			productRefGroup = 11114F8A1C837E0200571740 /* Products */;
			projectDirPath = "";
			projectRoot = "";
			targets = (
				11114F881C837E0200571740 /* tips */,
			);
		};
/* End PBXProject section */

/* Begin PBXResourcesBuildPhase section */
		11114F871C837E0200571740 /* Resources */ = {
			isa = PBXResourcesBuildPhase;
			buildActionMask = 2147483647;
			files = (
				11114F971C837E0300571740 /* LaunchScreen.storyboard in Resources */,
				11114F941C837E0300571740 /* Assets.xcassets in Resources */,
				11114F921C837E0300571740 /* Main.storyboard in Resources */,
			);
			runOnlyForDeploymentPostprocessing = 0;
		};
/* End PBXResourcesBuildPhase section */

/* Begin PBXSourcesBuildPhase section */
		11114F851C837E0200571740 /* Sources */ = {
			isa = PBXSourcesBuildPhase;
			buildActionMask = 2147483647;
			files = (
				11114F8F1C837E0300571740 /* ViewController.swift in Sources */,
				11114F8D1C837E0200571740 /* AppDelegate.swift in Sources */,
				11114F9F1C83A65D00571740 /* SettingsViewController.swift in Sources */,
				11114FA21C83E1E700571740 /* Constants.swift in Sources */,
			);
			runOnlyForDeploymentPostprocessing = 0;
		};
/* End PBXSourcesBuildPhase section */

/* Begin PBXVariantGroup section */
		11114F901C837E0300571740 /* Main.storyboard */ = {
			isa = PBXVariantGroup;
			children = (
				11114F911C837E0300571740 /* Base */,
			);
			name = Main.storyboard;
			sourceTree = "<group>";
		};
		11114F951C837E0300571740 /* LaunchScreen.storyboard */ = {
			isa = PBXVariantGroup;
			children = (
				11114F961C837E0300571740 /* Base */,
			);
			name = LaunchScreen.storyboard;
			sourceTree = "<group>";
		};
/* End PBXVariantGroup section */

/* Begin XCBuildConfiguration section */
		11114F991C837E0300571740 /* Debug */ = {
			isa = XCBuildConfiguration;
			buildSettings = {
				ALWAYS_SEARCH_USER_PATHS = NO;
				CLANG_CXX_LANGUAGE_STANDARD = "gnu++0x";
				CLANG_CXX_LIBRARY = "libc++";
				CLANG_ENABLE_MODULES = YES;
				CLANG_ENABLE_OBJC_ARC = YES;
				CLANG_WARN_BOOL_CONVERSION = YES;
				CLANG_WARN_CONSTANT_CONVERSION = YES;
				CLANG_WARN_DIRECT_OBJC_ISA_USAGE = YES_ERROR;
				CLANG_WARN_EMPTY_BODY = YES;
				CLANG_WARN_ENUM_CONVERSION = YES;
				CLANG_WARN_INT_CONVERSION = YES;
				CLANG_WARN_OBJC_ROOT_CLASS = YES_ERROR;
				CLANG_WARN_UNREACHABLE_CODE = YES;
				CLANG_WARN__DUPLICATE_METHOD_MATCH = YES;
				"CODE_SIGN_IDENTITY[sdk=iphoneos*]" = "iPhone Developer";
				COPY_PHASE_STRIP = NO;
				DEBUG_INFORMATION_FORMAT = dwarf;
				ENABLE_STRICT_OBJC_MSGSEND = YES;
				ENABLE_TESTABILITY = YES;
				GCC_C_LANGUAGE_STANDARD = gnu99;
				GCC_DYNAMIC_NO_PIC = NO;
				GCC_NO_COMMON_BLOCKS = YES;
				GCC_OPTIMIZATION_LEVEL = 0;
				GCC_PREPROCESSOR_DEFINITIONS = (
					"DEBUG=1",
					"$(inherited)",
				);
				GCC_WARN_64_TO_32_BIT_CONVERSION = YES;
				GCC_WARN_ABOUT_RETURN_TYPE = YES_ERROR;
				GCC_WARN_UNDECLARED_SELECTOR = YES;
				GCC_WARN_UNINITIALIZED_AUTOS = YES_AGGRESSIVE;
				GCC_WARN_UNUSED_FUNCTION = YES;
				GCC_WARN_UNUSED_VARIABLE = YES;
				IPHONEOS_DEPLOYMENT_TARGET = 9.0;
				MTL_ENABLE_DEBUG_INFO = YES;
				ONLY_ACTIVE_ARCH = YES;
				SDKROOT = iphoneos;
				SWIFT_OPTIMIZATION_LEVEL = "-Onone";
			};
			name = Debug;
		};
		11114F9A1C837E0300571740 /* Release */ = {
			isa = XCBuildConfiguration;
			buildSettings = {
				ALWAYS_SEARCH_USER_PATHS = NO;
				CLANG_CXX_LANGUAGE_STANDARD = "gnu++0x";
				CLANG_CXX_LIBRARY = "libc++";
				CLANG_ENABLE_MODULES = YES;
				CLANG_ENABLE_OBJC_ARC = YES;
				CLANG_WARN_BOOL_CONVERSION = YES;
				CLANG_WARN_CONSTANT_CONVERSION = YES;
				CLANG_WARN_DIRECT_OBJC_ISA_USAGE = YES_ERROR;
				CLANG_WARN_EMPTY_BODY = YES;
				CLANG_WARN_ENUM_CONVERSION = YES;
				CLANG_WARN_INT_CONVERSION = YES;
				CLANG_WARN_OBJC_ROOT_CLASS = YES_ERROR;
				CLANG_WARN_UNREACHABLE_CODE = YES;
				CLANG_WARN__DUPLICATE_METHOD_MATCH = YES;
				"CODE_SIGN_IDENTITY[sdk=iphoneos*]" = "iPhone Developer";
				COPY_PHASE_STRIP = NO;
				DEBUG_INFORMATION_FORMAT = "dwarf-with-dsym";
				ENABLE_NS_ASSERTIONS = NO;
				ENABLE_STRICT_OBJC_MSGSEND = YES;
				GCC_C_LANGUAGE_STANDARD = gnu99;
				GCC_NO_COMMON_BLOCKS = YES;
				GCC_WARN_64_TO_32_BIT_CONVERSION = YES;
				GCC_WARN_ABOUT_RETURN_TYPE = YES_ERROR;
				GCC_WARN_UNDECLARED_SELECTOR = YES;
				GCC_WARN_UNINITIALIZED_AUTOS = YES_AGGRESSIVE;
				GCC_WARN_UNUSED_FUNCTION = YES;
				GCC_WARN_UNUSED_VARIABLE = YES;
				IPHONEOS_DEPLOYMENT_TARGET = 9.0;
				MTL_ENABLE_DEBUG_INFO = NO;
				SDKROOT = iphoneos;
				VALIDATE_PRODUCT = YES;
			};
			name = Release;
		};
		11114F9C1C837E0300571740 /* Debug */ = {
			isa = XCBuildConfiguration;
			buildSettings = {
				ASSETCATALOG_COMPILER_APPICON_NAME = AppIcon;
				INFOPLIST_FILE = tips/Info.plist;
				IPHONEOS_DEPLOYMENT_TARGET = 9.0;
				LD_RUNPATH_SEARCH_PATHS = "$(inherited) @executable_path/Frameworks";
				PRODUCT_BUNDLE_IDENTIFIER = com.ericcodepath.tips;
				PRODUCT_NAME = "$(TARGET_NAME)";
			};
			name = Debug;
		};
		11114F9D1C837E0300571740 /* Release */ = {
			isa = XCBuildConfiguration;
			buildSettings = {
				ASSETCATALOG_COMPILER_APPICON_NAME = AppIcon;
				INFOPLIST_FILE = tips/Info.plist;
				IPHONEOS_DEPLOYMENT_TARGET = 9.0;
				LD_RUNPATH_SEARCH_PATHS = "$(inherited) @executable_path/Frameworks";
				PRODUCT_BUNDLE_IDENTIFIER = com.ericcodepath.tips;
				PRODUCT_NAME = "$(TARGET_NAME)";
			};
			name = Release;
		};
/* End XCBuildConfiguration section */

/* Begin XCConfigurationList section */
		11114F841C837E0200571740 /* Build configuration list for PBXProject "tips" */ = {
			isa = XCConfigurationList;
			buildConfigurations = (
				11114F991C837E0300571740 /* Debug */,
				11114F9A1C837E0300571740 /* Release */,
			);
			defaultConfigurationIsVisible = 0;
			defaultConfigurationName = Release;
		};
		11114F9B1C837E0300571740 /* Build configuration list for PBXNativeTarget "tips" */ = {
			isa = XCConfigurationList;
			buildConfigurations = (
				11114F9C1C837E0300571740 /* Debug */,
				11114F9D1C837E0300571740 /* Release */,
			);
			defaultConfigurationIsVisible = 0;
		};
/* End XCConfigurationList section */
	};
	rootObject = 11114F811C837E0200571740 /* Project object */;
}
